// !$*UTF8*$!
{
	archiveVersion = 1;
	classes = {
	};
	objectVersion = 50;
	objects = {

/* Begin PBXBuildFile section */
		17595E6F253B65D5002A01C1 /* AppDelegate.swift in Sources */ = {isa = PBXBuildFile; fileRef = 17595E6E253B65D5002A01C1 /* AppDelegate.swift */; };
		17595E71253B65D5002A01C1 /* SceneDelegate.swift in Sources */ = {isa = PBXBuildFile; fileRef = 17595E70253B65D5002A01C1 /* SceneDelegate.swift */; };
		17595E73253B65D5002A01C1 /* ViewController.swift in Sources */ = {isa = PBXBuildFile; fileRef = 17595E72253B65D5002A01C1 /* ViewController.swift */; };
		17595E76253B65D5002A01C1 /* Main.storyboard in Resources */ = {isa = PBXBuildFile; fileRef = 17595E74253B65D5002A01C1 /* Main.storyboard */; };
		17595E78253B65D8002A01C1 /* Assets.xcassets in Resources */ = {isa = PBXBuildFile; fileRef = 17595E77253B65D8002A01C1 /* Assets.xcassets */; };
		17595E7B253B65D8002A01C1 /* LaunchScreen.storyboard in Resources */ = {isa = PBXBuildFile; fileRef = 17595E79253B65D8002A01C1 /* LaunchScreen.storyboard */; };
		17595E86253B65D8002A01C1 /* FlixTests.swift in Sources */ = {isa = PBXBuildFile; fileRef = 17595E85253B65D8002A01C1 /* FlixTests.swift */; };
		17595E91253B65D9002A01C1 /* FlixUITests.swift in Sources */ = {isa = PBXBuildFile; fileRef = 17595E90253B65D9002A01C1 /* FlixUITests.swift */; };
/* End PBXBuildFile section */

/* Begin PBXContainerItemProxy section */
		17595E82253B65D8002A01C1 /* PBXContainerItemProxy */ = {
			isa = PBXContainerItemProxy;
			containerPortal = 17595E63253B65D4002A01C1 /* Project object */;
			proxyType = 1;
			remoteGlobalIDString = 17595E6A253B65D5002A01C1;
			remoteInfo = Flix;
		};
		17595E8D253B65D9002A01C1 /* PBXContainerItemProxy */ = {
			isa = PBXContainerItemProxy;
			containerPortal = 17595E63253B65D4002A01C1 /* Project object */;
			proxyType = 1;
			remoteGlobalIDString = 17595E6A253B65D5002A01C1;
			remoteInfo = Flix;
		};
/* End PBXContainerItemProxy section */

/* Begin PBXFileReference section */
		17595E6B253B65D5002A01C1 /* Flix.app */ = {isa = PBXFileReference; explicitFileType = wrapper.application; includeInIndex = 0; path = Flix.app; sourceTree = BUILT_PRODUCTS_DIR; };
		17595E6E253B65D5002A01C1 /* AppDelegate.swift */ = {isa = PBXFileReference; lastKnownFileType = sourcecode.swift; path = AppDelegate.swift; sourceTree = "<group>"; };
		17595E70253B65D5002A01C1 /* SceneDelegate.swift */ = {isa = PBXFileReference; lastKnownFileType = sourcecode.swift; path = SceneDelegate.swift; sourceTree = "<group>"; };
		17595E72253B65D5002A01C1 /* ViewController.swift */ = {isa = PBXFileReference; lastKnownFileType = sourcecode.swift; path = ViewController.swift; sourceTree = "<group>"; };
		17595E75253B65D5002A01C1 /* Base */ = {isa = PBXFileReference; lastKnownFileType = file.storyboard; name = Base; path = Base.lproj/Main.storyboard; sourceTree = "<group>"; };
		17595E77253B65D8002A01C1 /* Assets.xcassets */ = {isa = PBXFileReference; lastKnownFileType = folder.assetcatalog; path = Assets.xcassets; sourceTree = "<group>"; };
		17595E7A253B65D8002A01C1 /* Base */ = {isa = PBXFileReference; lastKnownFileType = file.storyboard; name = Base; path = Base.lproj/LaunchScreen.storyboard; sourceTree = "<group>"; };
		17595E7C253B65D8002A01C1 /* Info.plist */ = {isa = PBXFileReference; lastKnownFileType = text.plist.xml; path = Info.plist; sourceTree = "<group>"; };
		17595E81253B65D8002A01C1 /* FlixTests.xctest */ = {isa = PBXFileReference; explicitFileType = wrapper.cfbundle; includeInIndex = 0; path = FlixTests.xctest; sourceTree = BUILT_PRODUCTS_DIR; };
		17595E85253B65D8002A01C1 /* FlixTests.swift */ = {isa = PBXFileReference; lastKnownFileType = sourcecode.swift; path = FlixTests.swift; sourceTree = "<group>"; };
		17595E87253B65D8002A01C1 /* Info.plist */ = {isa = PBXFileReference; lastKnownFileType = text.plist.xml; path = Info.plist; sourceTree = "<group>"; };
		17595E8C253B65D9002A01C1 /* FlixUITests.xctest */ = {isa = PBXFileReference; explicitFileType = wrapper.cfbundle; includeInIndex = 0; path = FlixUITests.xctest; sourceTree = BUILT_PRODUCTS_DIR; };
		17595E90253B65D9002A01C1 /* FlixUITests.swift */ = {isa = PBXFileReference; lastKnownFileType = sourcecode.swift; path = FlixUITests.swift; sourceTree = "<group>"; };
		17595E92253B65D9002A01C1 /* Info.plist */ = {isa = PBXFileReference; lastKnownFileType = text.plist.xml; path = Info.plist; sourceTree = "<group>"; };
/* End PBXFileReference section */

/* Begin PBXFrameworksBuildPhase section */
		17595E68253B65D5002A01C1 /* Frameworks */ = {
			isa = PBXFrameworksBuildPhase;
			buildActionMask = 2147483647;
			files = (
			);
			runOnlyForDeploymentPostprocessing = 0;
		};
		17595E7E253B65D8002A01C1 /* Frameworks */ = {
			isa = PBXFrameworksBuildPhase;
			buildActionMask = 2147483647;
			files = (
			);
			runOnlyForDeploymentPostprocessing = 0;
		};
		17595E89253B65D9002A01C1 /* Frameworks */ = {
			isa = PBXFrameworksBuildPhase;
			buildActionMask = 2147483647;
			files = (
			);
			runOnlyForDeploymentPostprocessing = 0;
		};
/* End PBXFrameworksBuildPhase section */

/* Begin PBXGroup section */
		17595E62253B65D4002A01C1 = {
			isa = PBXGroup;
			children = (
				17595E6D253B65D5002A01C1 /* Flix */,
				17595E84253B65D8002A01C1 /* FlixTests */,
				17595E8F253B65D9002A01C1 /* FlixUITests */,
				17595E6C253B65D5002A01C1 /* Products */,
			);
			sourceTree = "<group>";
		};
		17595E6C253B65D5002A01C1 /* Products */ = {
			isa = PBXGroup;
			children = (
				17595E6B253B65D5002A01C1 /* Flix.app */,
				17595E81253B65D8002A01C1 /* FlixTests.xctest */,
				17595E8C253B65D9002A01C1 /* FlixUITests.xctest */,
			);
			name = Products;
			sourceTree = "<group>";
		};
		17595E6D253B65D5002A01C1 /* Flix */ = {
			isa = PBXGroup;
			children = (
				17595E6E253B65D5002A01C1 /* AppDelegate.swift */,
				17595E70253B65D5002A01C1 /* SceneDelegate.swift */,
				17595E72253B65D5002A01C1 /* ViewController.swift */,
				17595E74253B65D5002A01C1 /* Main.storyboard */,
				17595E77253B65D8002A01C1 /* Assets.xcassets */,
				17595E79253B65D8002A01C1 /* LaunchScreen.storyboard */,
				17595E7C253B65D8002A01C1 /* Info.plist */,
			);
			path = Flix;
			sourceTree = "<group>";
		};
		17595E84253B65D8002A01C1 /* FlixTests */ = {
			isa = PBXGroup;
			children = (
				17595E85253B65D8002A01C1 /* FlixTests.swift */,
				17595E87253B65D8002A01C1 /* Info.plist */,
			);
			path = FlixTests;
			sourceTree = "<group>";
		};
		17595E8F253B65D9002A01C1 /* FlixUITests */ = {
			isa = PBXGroup;
			children = (
				17595E90253B65D9002A01C1 /* FlixUITests.swift */,
				17595E92253B65D9002A01C1 /* Info.plist */,
			);
			path = FlixUITests;
			sourceTree = "<group>";
		};
/* End PBXGroup section */

/* Begin PBXNativeTarget section */
		17595E6A253B65D5002A01C1 /* Flix */ = {
			isa = PBXNativeTarget;
			buildConfigurationList = 17595E95253B65D9002A01C1 /* Build configuration list for PBXNativeTarget "Flix" */;
			buildPhases = (
				17595E67253B65D5002A01C1 /* Sources */,
				17595E68253B65D5002A01C1 /* Frameworks */,
				17595E69253B65D5002A01C1 /* Resources */,
			);
			buildRules = (
			);
			dependencies = (
			);
			name = Flix;
			productName = Flix;
			productReference = 17595E6B253B65D5002A01C1 /* Flix.app */;
			productType = "com.apple.product-type.application";
		};
		17595E80253B65D8002A01C1 /* FlixTests */ = {
			isa = PBXNativeTarget;
			buildConfigurationList = 17595E98253B65D9002A01C1 /* Build configuration list for PBXNativeTarget "FlixTests" */;
			buildPhases = (
				17595E7D253B65D8002A01C1 /* Sources */,
				17595E7E253B65D8002A01C1 /* Frameworks */,
				17595E7F253B65D8002A01C1 /* Resources */,
			);
			buildRules = (
			);
			dependencies = (
				17595E83253B65D8002A01C1 /* PBXTargetDependency */,
			);
			name = FlixTests;
			productName = FlixTests;
			productReference = 17595E81253B65D8002A01C1 /* FlixTests.xctest */;
			productType = "com.apple.product-type.bundle.unit-test";
		};
		17595E8B253B65D9002A01C1 /* FlixUITests */ = {
			isa = PBXNativeTarget;
			buildConfigurationList = 17595E9B253B65D9002A01C1 /* Build configuration list for PBXNativeTarget "FlixUITests" */;
			buildPhases = (
				17595E88253B65D9002A01C1 /* Sources */,
				17595E89253B65D9002A01C1 /* Frameworks */,
				17595E8A253B65D9002A01C1 /* Resources */,
			);
			buildRules = (
			);
			dependencies = (
				17595E8E253B65D9002A01C1 /* PBXTargetDependency */,
			);
			name = FlixUITests;
			productName = FlixUITests;
			productReference = 17595E8C253B65D9002A01C1 /* FlixUITests.xctest */;
			productType = "com.apple.product-type.bundle.ui-testing";
		};
/* End PBXNativeTarget section */

/* Begin PBXProject section */
		17595E63253B65D4002A01C1 /* Project object */ = {
			isa = PBXProject;
			attributes = {
				LastSwiftUpdateCheck = 1200;
				LastUpgradeCheck = 1200;
				TargetAttributes = {
					17595E6A253B65D5002A01C1 = {
						CreatedOnToolsVersion = 12.0.1;
					};
					17595E80253B65D8002A01C1 = {
						CreatedOnToolsVersion = 12.0.1;
						TestTargetID = 17595E6A253B65D5002A01C1;
					};
					17595E8B253B65D9002A01C1 = {
						CreatedOnToolsVersion = 12.0.1;
						TestTargetID = 17595E6A253B65D5002A01C1;
					};
				};
			};
			buildConfigurationList = 17595E66253B65D4002A01C1 /* Build configuration list for PBXProject "Flix" */;
			compatibilityVersion = "Xcode 9.3";
			developmentRegion = en;
			hasScannedForEncodings = 0;
			knownRegions = (
				en,
				Base,
			);
			mainGroup = 17595E62253B65D4002A01C1;
			productRefGroup = 17595E6C253B65D5002A01C1 /* Products */;
			projectDirPath = "";
			projectRoot = "";
			targets = (
				17595E6A253B65D5002A01C1 /* Flix */,
				17595E80253B65D8002A01C1 /* FlixTests */,
				17595E8B253B65D9002A01C1 /* FlixUITests */,
			);
		};
/* End PBXProject section */

/* Begin PBXResourcesBuildPhase section */
		17595E69253B65D5002A01C1 /* Resources */ = {
			isa = PBXResourcesBuildPhase;
			buildActionMask = 2147483647;
			files = (
				17595E7B253B65D8002A01C1 /* LaunchScreen.storyboard in Resources */,
				17595E78253B65D8002A01C1 /* Assets.xcassets in Resources */,
				17595E76253B65D5002A01C1 /* Main.storyboard in Resources */,
			);
			runOnlyForDeploymentPostprocessing = 0;
		};
		17595E7F253B65D8002A01C1 /* Resources */ = {
			isa = PBXResourcesBuildPhase;
			buildActionMask = 2147483647;
			files = (
			);
			runOnlyForDeploymentPostprocessing = 0;
		};
		17595E8A253B65D9002A01C1 /* Resources */ = {
			isa = PBXResourcesBuildPhase;
			buildActionMask = 2147483647;
			files = (
			);
			runOnlyForDeploymentPostprocessing = 0;
		};
/* End PBXResourcesBuildPhase section */

/* Begin PBXSourcesBuildPhase section */
		17595E67253B65D5002A01C1 /* Sources */ = {
			isa = PBXSourcesBuildPhase;
			buildActionMask = 2147483647;
			files = (
				17595E73253B65D5002A01C1 /* ViewController.swift in Sources */,
				17595E6F253B65D5002A01C1 /* AppDelegate.swift in Sources */,
				17595E71253B65D5002A01C1 /* SceneDelegate.swift in Sources */,
			);
			runOnlyForDeploymentPostprocessing = 0;
		};
		17595E7D253B65D8002A01C1 /* Sources */ = {
			isa = PBXSourcesBuildPhase;
			buildActionMask = 2147483647;
			files = (
				17595E86253B65D8002A01C1 /* FlixTests.swift in Sources */,
			);
			runOnlyForDeploymentPostprocessing = 0;
		};
		17595E88253B65D9002A01C1 /* Sources */ = {
			isa = PBXSourcesBuildPhase;
			buildActionMask = 2147483647;
			files = (
				17595E91253B65D9002A01C1 /* FlixUITests.swift in Sources */,
			);
			runOnlyForDeploymentPostprocessing = 0;
		};
/* End PBXSourcesBuildPhase section */

/* Begin PBXTargetDependency section */
		17595E83253B65D8002A01C1 /* PBXTargetDependency */ = {
			isa = PBXTargetDependency;
			target = 17595E6A253B65D5002A01C1 /* Flix */;
			targetProxy = 17595E82253B65D8002A01C1 /* PBXContainerItemProxy */;
		};
		17595E8E253B65D9002A01C1 /* PBXTargetDependency */ = {
			isa = PBXTargetDependency;
			target = 17595E6A253B65D5002A01C1 /* Flix */;
			targetProxy = 17595E8D253B65D9002A01C1 /* PBXContainerItemProxy */;
		};
/* End PBXTargetDependency section */

/* Begin PBXVariantGroup section */
		17595E74253B65D5002A01C1 /* Main.storyboard */ = {
			isa = PBXVariantGroup;
			children = (
				17595E75253B65D5002A01C1 /* Base */,
			);
			name = Main.storyboard;
			sourceTree = "<group>";
		};
		17595E79253B65D8002A01C1 /* LaunchScreen.storyboard */ = {
			isa = PBXVariantGroup;
			children = (
				17595E7A253B65D8002A01C1 /* Base */,
			);
			name = LaunchScreen.storyboard;
			sourceTree = "<group>";
		};
/* End PBXVariantGroup section */

/* Begin XCBuildConfiguration section */
		17595E93253B65D9002A01C1 /* Debug */ = {
			isa = XCBuildConfiguration;
			buildSettings = {
				ALWAYS_SEARCH_USER_PATHS = NO;
				CLANG_ANALYZER_NONNULL = YES;
				CLANG_ANALYZER_NUMBER_OBJECT_CONVERSION = YES_AGGRESSIVE;
				CLANG_CXX_LANGUAGE_STANDARD = "gnu++14";
				CLANG_CXX_LIBRARY = "libc++";
				CLANG_ENABLE_MODULES = YES;
				CLANG_ENABLE_OBJC_ARC = YES;
				CLANG_ENABLE_OBJC_WEAK = YES;
				CLANG_WARN_BLOCK_CAPTURE_AUTORELEASING = YES;
				CLANG_WARN_BOOL_CONVERSION = YES;
				CLANG_WARN_COMMA = YES;
				CLANG_WARN_CONSTANT_CONVERSION = YES;
				CLANG_WARN_DEPRECATED_OBJC_IMPLEMENTATIONS = YES;
				CLANG_WARN_DIRECT_OBJC_ISA_USAGE = YES_ERROR;
				CLANG_WARN_DOCUMENTATION_COMMENTS = YES;
				CLANG_WARN_EMPTY_BODY = YES;
				CLANG_WARN_ENUM_CONVERSION = YES;
				CLANG_WARN_INFINITE_RECURSION = YES;
				CLANG_WARN_INT_CONVERSION = YES;
				CLANG_WARN_NON_LITERAL_NULL_CONVERSION = YES;
				CLANG_WARN_OBJC_IMPLICIT_RETAIN_SELF = YES;
				CLANG_WARN_OBJC_LITERAL_CONVERSION = YES;
				CLANG_WARN_OBJC_ROOT_CLASS = YES_ERROR;
				CLANG_WARN_QUOTED_INCLUDE_IN_FRAMEWORK_HEADER = YES;
				CLANG_WARN_RANGE_LOOP_ANALYSIS = YES;
				CLANG_WARN_STRICT_PROTOTYPES = YES;
				CLANG_WARN_SUSPICIOUS_MOVE = YES;
				CLANG_WARN_UNGUARDED_AVAILABILITY = YES_AGGRESSIVE;
				CLANG_WARN_UNREACHABLE_CODE = YES;
				CLANG_WARN__DUPLICATE_METHOD_MATCH = YES;
				COPY_PHASE_STRIP = NO;
				DEBUG_INFORMATION_FORMAT = dwarf;
				ENABLE_STRICT_OBJC_MSGSEND = YES;
				ENABLE_TESTABILITY = YES;
				GCC_C_LANGUAGE_STANDARD = gnu11;
				GCC_DYNAMIC_NO_PIC = NO;
				GCC_NO_COMMON_BLOCKS = YES;
				GCC_OPTIMIZATION_LEVEL = 0;
				GCC_PREPROCESSOR_DEFINITIONS = (
					"DEBUG=1",
					"$(inherited)",
				);
				GCC_WARN_64_TO_32_BIT_CONVERSION = YES;
				GCC_WARN_ABOUT_RETURN_TYPE = YES_ERROR;
				GCC_WARN_UNDECLARED_SELECTOR = YES;
				GCC_WARN_UNINITIALIZED_AUTOS = YES_AGGRESSIVE;
				GCC_WARN_UNUSED_FUNCTION = YES;
				GCC_WARN_UNUSED_VARIABLE = YES;
				IPHONEOS_DEPLOYMENT_TARGET = 14.0;
				MTL_ENABLE_DEBUG_INFO = INCLUDE_SOURCE;
				MTL_FAST_MATH = YES;
				ONLY_ACTIVE_ARCH = YES;
				SDKROOT = iphoneos;
				SWIFT_ACTIVE_COMPILATION_CONDITIONS = DEBUG;
				SWIFT_OPTIMIZATION_LEVEL = "-Onone";
			};
			name = Debug;
		};
		17595E94253B65D9002A01C1 /* Release */ = {
			isa = XCBuildConfiguration;
			buildSettings = {
				ALWAYS_SEARCH_USER_PATHS = NO;
				CLANG_ANALYZER_NONNULL = YES;
				CLANG_ANALYZER_NUMBER_OBJECT_CONVERSION = YES_AGGRESSIVE;
				CLANG_CXX_LANGUAGE_STANDARD = "gnu++14";
				CLANG_CXX_LIBRARY = "libc++";
				CLANG_ENABLE_MODULES = YES;
				CLANG_ENABLE_OBJC_ARC = YES;
				CLANG_ENABLE_OBJC_WEAK = YES;
				CLANG_WARN_BLOCK_CAPTURE_AUTORELEASING = YES;
				CLANG_WARN_BOOL_CONVERSION = YES;
				CLANG_WARN_COMMA = YES;
				CLANG_WARN_CONSTANT_CONVERSION = YES;
				CLANG_WARN_DEPRECATED_OBJC_IMPLEMENTATIONS = YES;
				CLANG_WARN_DIRECT_OBJC_ISA_USAGE = YES_ERROR;
				CLANG_WARN_DOCUMENTATION_COMMENTS = YES;
				CLANG_WARN_EMPTY_BODY = YES;
				CLANG_WARN_ENUM_CONVERSION = YES;
				CLANG_WARN_INFINITE_RECURSION = YES;
				CLANG_WARN_INT_CONVERSION = YES;
				CLANG_WARN_NON_LITERAL_NULL_CONVERSION = YES;
				CLANG_WARN_OBJC_IMPLICIT_RETAIN_SELF = YES;
				CLANG_WARN_OBJC_LITERAL_CONVERSION = YES;
				CLANG_WARN_OBJC_ROOT_CLASS = YES_ERROR;
				CLANG_WARN_QUOTED_INCLUDE_IN_FRAMEWORK_HEADER = YES;
				CLANG_WARN_RANGE_LOOP_ANALYSIS = YES;
				CLANG_WARN_STRICT_PROTOTYPES = YES;
				CLANG_WARN_SUSPICIOUS_MOVE = YES;
				CLANG_WARN_UNGUARDED_AVAILABILITY = YES_AGGRESSIVE;
				CLANG_WARN_UNREACHABLE_CODE = YES;
				CLANG_WARN__DUPLICATE_METHOD_MATCH = YES;
				COPY_PHASE_STRIP = NO;
				DEBUG_INFORMATION_FORMAT = "dwarf-with-dsym";
				ENABLE_NS_ASSERTIONS = NO;
				ENABLE_STRICT_OBJC_MSGSEND = YES;
				GCC_C_LANGUAGE_STANDARD = gnu11;
				GCC_NO_COMMON_BLOCKS = YES;
				GCC_WARN_64_TO_32_BIT_CONVERSION = YES;
				GCC_WARN_ABOUT_RETURN_TYPE = YES_ERROR;
				GCC_WARN_UNDECLARED_SELECTOR = YES;
				GCC_WARN_UNINITIALIZED_AUTOS = YES_AGGRESSIVE;
				GCC_WARN_UNUSED_FUNCTION = YES;
				GCC_WARN_UNUSED_VARIABLE = YES;
				IPHONEOS_DEPLOYMENT_TARGET = 14.0;
				MTL_ENABLE_DEBUG_INFO = NO;
				MTL_FAST_MATH = YES;
				SDKROOT = iphoneos;
				SWIFT_COMPILATION_MODE = wholemodule;
				SWIFT_OPTIMIZATION_LEVEL = "-O";
				VALIDATE_PRODUCT = YES;
			};
			name = Release;
		};
		17595E96253B65D9002A01C1 /* Debug */ = {
			isa = XCBuildConfiguration;
			buildSettings = {
				ASSETCATALOG_COMPILER_APPICON_NAME = AppIcon;
				ASSETCATALOG_COMPILER_GLOBAL_ACCENT_COLOR_NAME = AccentColor;
				CODE_SIGN_STYLE = Automatic;
				INFOPLIST_FILE = Flix/Info.plist;
				LD_RUNPATH_SEARCH_PATHS = (
					"$(inherited)",
					"@executable_path/Frameworks",
				);
				PRODUCT_BUNDLE_IDENTIFIER = codepath.Flix;
				PRODUCT_NAME = "$(TARGET_NAME)";
				SWIFT_VERSION = 5.0;
				TARGETED_DEVICE_FAMILY = "1,2";
			};
			name = Debug;
		};
		17595E97253B65D9002A01C1 /* Release */ = {
			isa = XCBuildConfiguration;
			buildSettings = {
				ASSETCATALOG_COMPILER_APPICON_NAME = AppIcon;
				ASSETCATALOG_COMPILER_GLOBAL_ACCENT_COLOR_NAME = AccentColor;
				CODE_SIGN_STYLE = Automatic;
				INFOPLIST_FILE = Flix/Info.plist;
				LD_RUNPATH_SEARCH_PATHS = (
					"$(inherited)",
					"@executable_path/Frameworks",
				);
				PRODUCT_BUNDLE_IDENTIFIER = codepath.Flix;
				PRODUCT_NAME = "$(TARGET_NAME)";
				SWIFT_VERSION = 5.0;
				TARGETED_DEVICE_FAMILY = "1,2";
			};
			name = Release;
		};
		17595E99253B65D9002A01C1 /* Debug */ = {
			isa = XCBuildConfiguration;
			buildSettings = {
				ALWAYS_EMBED_SWIFT_STANDARD_LIBRARIES = YES;
				BUNDLE_LOADER = "$(TEST_HOST)";
				CODE_SIGN_STYLE = Automatic;
				INFOPLIST_FILE = FlixTests/Info.plist;
				IPHONEOS_DEPLOYMENT_TARGET = 14.0;
				LD_RUNPATH_SEARCH_PATHS = (
					"$(inherited)",
					"@executable_path/Frameworks",
					"@loader_path/Frameworks",
				);
				PRODUCT_BUNDLE_IDENTIFIER = codepath.FlixTests;
				PRODUCT_NAME = "$(TARGET_NAME)";
				SWIFT_VERSION = 5.0;
				TARGETED_DEVICE_FAMILY = "1,2";
				TEST_HOST = "$(BUILT_PRODUCTS_DIR)/Flix.app/Flix";
			};
			name = Debug;
		};
		17595E9A253B65D9002A01C1 /* Release */ = {
			isa = XCBuildConfiguration;
			buildSettings = {
				ALWAYS_EMBED_SWIFT_STANDARD_LIBRARIES = YES;
				BUNDLE_LOADER = "$(TEST_HOST)";
				CODE_SIGN_STYLE = Automatic;
				INFOPLIST_FILE = FlixTests/Info.plist;
				IPHONEOS_DEPLOYMENT_TARGET = 14.0;
				LD_RUNPATH_SEARCH_PATHS = (
					"$(inherited)",
					"@executable_path/Frameworks",
					"@loader_path/Frameworks",
				);
				PRODUCT_BUNDLE_IDENTIFIER = codepath.FlixTests;
				PRODUCT_NAME = "$(TARGET_NAME)";
				SWIFT_VERSION = 5.0;
				TARGETED_DEVICE_FAMILY = "1,2";
				TEST_HOST = "$(BUILT_PRODUCTS_DIR)/Flix.app/Flix";
			};
			name = Release;
		};
		17595E9C253B65D9002A01C1 /* Debug */ = {
			isa = XCBuildConfiguration;
			buildSettings = {
				ALWAYS_EMBED_SWIFT_STANDARD_LIBRARIES = YES;
				CODE_SIGN_STYLE = Automatic;
				INFOPLIST_FILE = FlixUITests/Info.plist;
				LD_RUNPATH_SEARCH_PATHS = (
					"$(inherited)",
					"@executable_path/Frameworks",
					"@loader_path/Frameworks",
				);
				PRODUCT_BUNDLE_IDENTIFIER = codepath.FlixUITests;
				PRODUCT_NAME = "$(TARGET_NAME)";
				SWIFT_VERSION = 5.0;
				TARGETED_DEVICE_FAMILY = "1,2";
				TEST_TARGET_NAME = Flix;
			};
			name = Debug;
		};
		17595E9D253B65D9002A01C1 /* Release */ = {
			isa = XCBuildConfiguration;
			buildSettings = {
				ALWAYS_EMBED_SWIFT_STANDARD_LIBRARIES = YES;
				CODE_SIGN_STYLE = Automatic;
				INFOPLIST_FILE = FlixUITests/Info.plist;
				LD_RUNPATH_SEARCH_PATHS = (
					"$(inherited)",
					"@executable_path/Frameworks",
					"@loader_path/Frameworks",
				);
				PRODUCT_BUNDLE_IDENTIFIER = codepath.FlixUITests;
				PRODUCT_NAME = "$(TARGET_NAME)";
				SWIFT_VERSION = 5.0;
				TARGETED_DEVICE_FAMILY = "1,2";
				TEST_TARGET_NAME = Flix;
			};
			name = Release;
		};
/* End XCBuildConfiguration section */

/* Begin XCConfigurationList section */
		17595E66253B65D4002A01C1 /* Build configuration list for PBXProject "Flix" */ = {
			isa = XCConfigurationList;
			buildConfigurations = (
				17595E93253B65D9002A01C1 /* Debug */,
				17595E94253B65D9002A01C1 /* Release */,
			);
			defaultConfigurationIsVisible = 0;
			defaultConfigurationName = Release;
		};
		17595E95253B65D9002A01C1 /* Build configuration list for PBXNativeTarget "Flix" */ = {
			isa = XCConfigurationList;
			buildConfigurations = (
				17595E96253B65D9002A01C1 /* Debug */,
				17595E97253B65D9002A01C1 /* Release */,
			);
			defaultConfigurationIsVisible = 0;
			defaultConfigurationName = Release;
		};
		17595E98253B65D9002A01C1 /* Build configuration list for PBXNativeTarget "FlixTests" */ = {
			isa = XCConfigurationList;
			buildConfigurations = (
				17595E99253B65D9002A01C1 /* Debug */,
				17595E9A253B65D9002A01C1 /* Release */,
			);
			defaultConfigurationIsVisible = 0;
			defaultConfigurationName = Release;
		};
		17595E9B253B65D9002A01C1 /* Build configuration list for PBXNativeTarget "FlixUITests" */ = {
			isa = XCConfigurationList;
			buildConfigurations = (
				17595E9C253B65D9002A01C1 /* Debug */,
				17595E9D253B65D9002A01C1 /* Release */,
			);
			defaultConfigurationIsVisible = 0;
			defaultConfigurationName = Release;
		};
/* End XCConfigurationList section */
	};
	rootObject = 17595E63253B65D4002A01C1 /* Project object */;
}
